Microsoft Visual Studio Solution File, Format Version 12.00
# Visual Studio Version 17
VisualStudioVersion = 17.5.2.0
MinimumVisualStudioVersion = 10.0.40219.1
Project("{FAE04EC0-301F-11D3-BF4B-00C04F79EFBC}") = "FindIndexOcurrence", "FindIndexOcurrence.csproj", "{A916326E-CEF8-C417-0159-DA8A851D9667}"
EndProject
Global
	GlobalSection(SolutionConfigurationPlatforms) = preSolution
		Debug|Any CPU = Debug|Any CPU
		Release|Any CPU = Release|Any CPU
	EndGlobalSection
	GlobalSection(ProjectConfigurationPlatforms) = postSolution
		{A916326E-CEF8-C417-0159-DA8A851D9667}.Debug|Any CPU.ActiveCfg = Debug|Any CPU
		{A916326E-CEF8-C417-0159-DA8A851D9667}.Debug|Any CPU.Build.0 = Debug|Any CPU
		{A916326E-CEF8-C417-0159-DA8A851D9667}.Release|Any CPU.ActiveCfg = Release|Any CPU
		{A916326E-CEF8-C417-0159-DA8A851D9667}.Release|Any CPU.Build.0 = Release|Any CPU
	EndGlobalSection
	GlobalSection(SolutionProperties) = preSolution
		HideSolutionNode = FALSE
	EndGlobalSection
	GlobalSection(ExtensibilityGlobals) = postSolution
		SolutionGuid = {76B574CD-499E-4C0D-8C2E-71E43047DFF0}
	EndGlobalSection
EndGlobal
