Microsoft Visual Studio Solution File, Format Version 12.00
# Visual Studio Version 17
VisualStudioVersion = 17.5.2.0
MinimumVisualStudioVersion = 10.0.40219.1
Project("{FAE04EC0-301F-11D3-BF4B-00C04F79EFBC}") = "RomanToInteger", "RomanToInteger.csproj", "{328FC63A-E498-3080-F08C-EBA36B005DEA}"
EndProject
Global
	GlobalSection(SolutionConfigurationPlatforms) = preSolution
		Debug|Any CPU = Debug|Any CPU
		Release|Any CPU = Release|Any CPU
	EndGlobalSection
	GlobalSection(ProjectConfigurationPlatforms) = postSolution
		{328FC63A-E498-3080-F08C-EBA36B005DEA}.Debug|Any CPU.ActiveCfg = Debug|Any CPU
		{328FC63A-E498-3080-F08C-EBA36B005DEA}.Debug|Any CPU.Build.0 = Debug|Any CPU
		{328FC63A-E498-3080-F08C-EBA36B005DEA}.Release|Any CPU.ActiveCfg = Release|Any CPU
		{328FC63A-E498-3080-F08C-EBA36B005DEA}.Release|Any CPU.Build.0 = Release|Any CPU
	EndGlobalSection
	GlobalSection(SolutionProperties) = preSolution
		HideSolutionNode = FALSE
	EndGlobalSection
	GlobalSection(ExtensibilityGlobals) = postSolution
		SolutionGuid = {49FA6688-E3FB-472C-BBBC-FFBC243A400C}
	EndGlobalSection
EndGlobal
