Microsoft Visual Studio Solution File, Format Version 12.00
# Visual Studio Version 17
VisualStudioVersion = 17.5.2.0
MinimumVisualStudioVersion = 10.0.40219.1
Project("{FAE04EC0-301F-11D3-BF4B-00C04F79EFBC}") = "PassWordValidation", "PassWordValidation.csproj", "{E53F1654-404B-E13A-D15C-B347AB2B47CB}"
EndProject
Global
	GlobalSection(SolutionConfigurationPlatforms) = preSolution
		Debug|Any CPU = Debug|Any CPU
		Release|Any CPU = Release|Any CPU
	EndGlobalSection
	GlobalSection(ProjectConfigurationPlatforms) = postSolution
		{E53F1654-404B-E13A-D15C-B347AB2B47CB}.Debug|Any CPU.ActiveCfg = Debug|Any CPU
		{E53F1654-404B-E13A-D15C-B347AB2B47CB}.Debug|Any CPU.Build.0 = Debug|Any CPU
		{E53F1654-404B-E13A-D15C-B347AB2B47CB}.Release|Any CPU.ActiveCfg = Release|Any CPU
		{E53F1654-404B-E13A-D15C-B347AB2B47CB}.Release|Any CPU.Build.0 = Release|Any CPU
	EndGlobalSection
	GlobalSection(SolutionProperties) = preSolution
		HideSolutionNode = FALSE
	EndGlobalSection
	GlobalSection(ExtensibilityGlobals) = postSolution
		SolutionGuid = {1844A903-6DD1-4CC4-8134-AE2BA7C3F245}
	EndGlobalSection
EndGlobal
