Microsoft Visual Studio Solution File, Format Version 12.00
# Visual Studio Version 17
VisualStudioVersion = 17.5.2.0
MinimumVisualStudioVersion = 10.0.40219.1
Project("{FAE04EC0-301F-11D3-BF4B-00C04F79EFBC}") = "LengthOfLastWord", "LengthOfLastWord.csproj", "{6865D821-6D99-A196-F89E-E5DF181FCB94}"
EndProject
Global
	GlobalSection(SolutionConfigurationPlatforms) = preSolution
		Debug|Any CPU = Debug|Any CPU
		Release|Any CPU = Release|Any CPU
	EndGlobalSection
	GlobalSection(ProjectConfigurationPlatforms) = postSolution
		{6865D821-6D99-A196-F89E-E5DF181FCB94}.Debug|Any CPU.ActiveCfg = Debug|Any CPU
		{6865D821-6D99-A196-F89E-E5DF181FCB94}.Debug|Any CPU.Build.0 = Debug|Any CPU
		{6865D821-6D99-A196-F89E-E5DF181FCB94}.Release|Any CPU.ActiveCfg = Release|Any CPU
		{6865D821-6D99-A196-F89E-E5DF181FCB94}.Release|Any CPU.Build.0 = Release|Any CPU
	EndGlobalSection
	GlobalSection(SolutionProperties) = preSolution
		HideSolutionNode = FALSE
	EndGlobalSection
	GlobalSection(ExtensibilityGlobals) = postSolution
		SolutionGuid = {FABD7EB1-0A0D-4EE2-886E-AA8ACCF85ACC}
	EndGlobalSection
EndGlobal
